
Microsoft Visual Studio Solution File, Format Version 12.00
# Visual Studio Version 17
VisualStudioVersion = 17.9.34518.117
MinimumVisualStudioVersion = 10.0.40219.1
Project("{FAE04EC0-301F-11D3-BF4B-00C04F79EFBC}") = "ClassLibrary1", "ClassLibrary1\ClassLibrary1.csproj", "{A201F24B-4938-4511-9861-D49B05D9AF50}"
EndProject
Project("{FAE04EC0-301F-11D3-BF4B-00C04F79EFBC}") = "TestProject1", "TestProject1\TestProject1.csproj", "{9F65411B-25E4-4306-AD2C-3689A7922756}"
EndProject
Global
	GlobalSection(SolutionConfigurationPlatforms) = preSolution
		Debug|Any CPU = Debug|Any CPU
		Release|Any CPU = Release|Any CPU
	EndGlobalSection
	GlobalSection(ProjectConfigurationPlatforms) = postSolution
		{A201F24B-4938-4511-9861-D49B05D9AF50}.Debug|Any CPU.ActiveCfg = Debug|Any CPU
		{A201F24B-4938-4511-9861-D49B05D9AF50}.Debug|Any CPU.Build.0 = Debug|Any CPU
		{A201F24B-4938-4511-9861-D49B05D9AF50}.Release|Any CPU.ActiveCfg = Release|Any CPU
		{A201F24B-4938-4511-9861-D49B05D9AF50}.Release|Any CPU.Build.0 = Release|Any CPU
		{9F65411B-25E4-4306-AD2C-3689A7922756}.Debug|Any CPU.ActiveCfg = Debug|Any CPU
		{9F65411B-25E4-4306-AD2C-3689A7922756}.Debug|Any CPU.Build.0 = Debug|Any CPU
		{9F65411B-25E4-4306-AD2C-3689A7922756}.Release|Any CPU.ActiveCfg = Release|Any CPU
		{9F65411B-25E4-4306-AD2C-3689A7922756}.Release|Any CPU.Build.0 = Release|Any CPU
	EndGlobalSection
	GlobalSection(SolutionProperties) = preSolution
		HideSolutionNode = FALSE
	EndGlobalSection
	GlobalSection(ExtensibilityGlobals) = postSolution
		SolutionGuid = {105A265A-1A01-4C3C-9696-A3ED2BB8AFA3}
	EndGlobalSection
EndGlobal
